
Microsoft Visual Studio Solution File, Format Version 12.00
# Visual Studio Version 17
VisualStudioVersion = 17.8.34511.84
MinimumVisualStudioVersion = 10.0.40219.1
Project("{F2A71F9B-5D33-465A-A702-920D77279786}") = "FSharpSnake", "FSharpSnake.fsproj", "{302BE563-C1CE-4CF6-AB3B-18E6EE8E1103}"
EndProject
Global
	GlobalSection(SolutionConfigurationPlatforms) = preSolution
		Debug|Any CPU = Debug|Any CPU
		Release|Any CPU = Release|Any CPU
	EndGlobalSection
	GlobalSection(ProjectConfigurationPlatforms) = postSolution
		{302BE563-C1CE-4CF6-AB3B-18E6EE8E1103}.Debug|Any CPU.ActiveCfg = Debug|Any CPU
		{302BE563-C1CE-4CF6-AB3B-18E6EE8E1103}.Debug|Any CPU.Build.0 = Debug|Any CPU
		{302BE563-C1CE-4CF6-AB3B-18E6EE8E1103}.Release|Any CPU.ActiveCfg = Release|Any CPU
		{302BE563-C1CE-4CF6-AB3B-18E6EE8E1103}.Release|Any CPU.Build.0 = Release|Any CPU
	EndGlobalSection
	GlobalSection(SolutionProperties) = preSolution
		HideSolutionNode = FALSE
	EndGlobalSection
	GlobalSection(ExtensibilityGlobals) = postSolution
		SolutionGuid = {E5B2EB95-21E7-4A35-B3E8-B9C485EC88E6}
	EndGlobalSection
EndGlobal
